// !$*UTF8*$!
{
	archiveVersion = 1;
	classes = {
	};
	objectVersion = 46;
	objects = {

/* Begin PBXBuildFile section */
		4454D79F1BCE904600063B71 /* AppDelegate.swift in Sources */ = {isa = PBXBuildFile; fileRef = 4454D79E1BCE904600063B71 /* AppDelegate.swift */; };
		4454D7A11BCE904600063B71 /* ViewController.swift in Sources */ = {isa = PBXBuildFile; fileRef = 4454D7A01BCE904600063B71 /* ViewController.swift */; };
		4454D7A41BCE904600063B71 /* Main.storyboard in Resources */ = {isa = PBXBuildFile; fileRef = 4454D7A21BCE904600063B71 /* Main.storyboard */; };
		4454D7A61BCE904600063B71 /* Assets.xcassets in Resources */ = {isa = PBXBuildFile; fileRef = 4454D7A51BCE904600063B71 /* Assets.xcassets */; };
		4454D7A91BCE904600063B71 /* LaunchScreen.storyboard in Resources */ = {isa = PBXBuildFile; fileRef = 4454D7A71BCE904600063B71 /* LaunchScreen.storyboard */; };
		4454D7B21BCE911C00063B71 /* CheckAndXHUD.swift in Sources */ = {isa = PBXBuildFile; fileRef = 4454D7B01BCE911C00063B71 /* CheckAndXHUD.swift */; settings = {ASSET_TAGS = (); }; };
		4454D7B31BCE911C00063B71 /* CheckAndXView.swift in Sources */ = {isa = PBXBuildFile; fileRef = 4454D7B11BCE911C00063B71 /* CheckAndXView.swift */; settings = {ASSET_TAGS = (); }; };
/* End PBXBuildFile section */

/* Begin PBXFileReference section */
		4454D79B1BCE904600063B71 /* CheckAndXHUD.app */ = {isa = PBXFileReference; explicitFileType = wrapper.application; includeInIndex = 0; path = CheckAndXHUD.app; sourceTree = BUILT_PRODUCTS_DIR; };
		4454D79E1BCE904600063B71 /* AppDelegate.swift */ = {isa = PBXFileReference; lastKnownFileType = sourcecode.swift; path = AppDelegate.swift; sourceTree = "<group>"; };
		4454D7A01BCE904600063B71 /* ViewController.swift */ = {isa = PBXFileReference; lastKnownFileType = sourcecode.swift; path = ViewController.swift; sourceTree = "<group>"; };
		4454D7A31BCE904600063B71 /* Base */ = {isa = PBXFileReference; lastKnownFileType = file.storyboard; name = Base; path = Base.lproj/Main.storyboard; sourceTree = "<group>"; };
		4454D7A51BCE904600063B71 /* Assets.xcassets */ = {isa = PBXFileReference; lastKnownFileType = folder.assetcatalog; path = Assets.xcassets; sourceTree = "<group>"; };
		4454D7A81BCE904600063B71 /* Base */ = {isa = PBXFileReference; lastKnownFileType = file.storyboard; name = Base; path = Base.lproj/LaunchScreen.storyboard; sourceTree = "<group>"; };
		4454D7AA1BCE904600063B71 /* Info.plist */ = {isa = PBXFileReference; lastKnownFileType = text.plist.xml; path = Info.plist; sourceTree = "<group>"; };
		4454D7B01BCE911C00063B71 /* CheckAndXHUD.swift */ = {isa = PBXFileReference; fileEncoding = 4; lastKnownFileType = sourcecode.swift; name = CheckAndXHUD.swift; path = Source/CheckAndXHUD.swift; sourceTree = "<group>"; };
		4454D7B11BCE911C00063B71 /* CheckAndXView.swift */ = {isa = PBXFileReference; fileEncoding = 4; lastKnownFileType = sourcecode.swift; name = CheckAndXView.swift; path = Source/CheckAndXView.swift; sourceTree = "<group>"; };
/* End PBXFileReference section */

/* Begin PBXFrameworksBuildPhase section */
		4454D7981BCE904600063B71 /* Frameworks */ = {
			isa = PBXFrameworksBuildPhase;
			buildActionMask = 2147483647;
			files = (
			);
			runOnlyForDeploymentPostprocessing = 0;
		};
/* End PBXFrameworksBuildPhase section */

/* Begin PBXGroup section */
		4454D7921BCE904600063B71 = {
			isa = PBXGroup;
			children = (
				4454D7B41BCE912300063B71 /* Source */,
				4454D79D1BCE904600063B71 /* CheckAndXHUD */,
				4454D79C1BCE904600063B71 /* Products */,
			);
			sourceTree = "<group>";
		};
		4454D79C1BCE904600063B71 /* Products */ = {
			isa = PBXGroup;
			children = (
				4454D79B1BCE904600063B71 /* CheckAndXHUD.app */,
			);
			name = Products;
			sourceTree = "<group>";
		};
		4454D79D1BCE904600063B71 /* CheckAndXHUD */ = {
			isa = PBXGroup;
			children = (
				4454D79E1BCE904600063B71 /* AppDelegate.swift */,
				4454D7A01BCE904600063B71 /* ViewController.swift */,
				4454D7A21BCE904600063B71 /* Main.storyboard */,
				4454D7A51BCE904600063B71 /* Assets.xcassets */,
				4454D7A71BCE904600063B71 /* LaunchScreen.storyboard */,
				4454D7AA1BCE904600063B71 /* Info.plist */,
			);
			path = CheckAndXHUD;
			sourceTree = "<group>";
		};
		4454D7B41BCE912300063B71 /* Source */ = {
			isa = PBXGroup;
			children = (
				4454D7B01BCE911C00063B71 /* CheckAndXHUD.swift */,
				4454D7B11BCE911C00063B71 /* CheckAndXView.swift */,
			);
			name = Source;
			sourceTree = "<group>";
		};
/* End PBXGroup section */

/* Begin PBXNativeTarget section */
		4454D79A1BCE904600063B71 /* CheckAndXHUD */ = {
			isa = PBXNativeTarget;
			buildConfigurationList = 4454D7AD1BCE904600063B71 /* Build configuration list for PBXNativeTarget "CheckAndXHUD" */;
			buildPhases = (
				4454D7971BCE904600063B71 /* Sources */,
				4454D7981BCE904600063B71 /* Frameworks */,
				4454D7991BCE904600063B71 /* Resources */,
			);
			buildRules = (
			);
			dependencies = (
			);
			name = CheckAndXHUD;
			productName = CheckAndXHUD;
			productReference = 4454D79B1BCE904600063B71 /* CheckAndXHUD.app */;
			productType = "com.apple.product-type.application";
		};
/* End PBXNativeTarget section */

/* Begin PBXProject section */
		4454D7931BCE904600063B71 /* Project object */ = {
			isa = PBXProject;
			attributes = {
				LastUpgradeCheck = 0700;
				ORGANIZATIONNAME = "Vincenzo Favara";
				TargetAttributes = {
					4454D79A1BCE904600063B71 = {
						CreatedOnToolsVersion = 7.0.1;
					};
				};
			};
			buildConfigurationList = 4454D7961BCE904600063B71 /* Build configuration list for PBXProject "CheckAndXHUD" */;
			compatibilityVersion = "Xcode 3.2";
			developmentRegion = English;
			hasScannedForEncodings = 0;
			knownRegions = (
				en,
				Base,
			);
			mainGroup = 4454D7921BCE904600063B71;
			productRefGroup = 4454D79C1BCE904600063B71 /* Products */;
			projectDirPath = "";
			projectRoot = "";
			targets = (
				4454D79A1BCE904600063B71 /* CheckAndXHUD */,
			);
		};
/* End PBXProject section */

/* Begin PBXResourcesBuildPhase section */
		4454D7991BCE904600063B71 /* Resources */ = {
			isa = PBXResourcesBuildPhase;
			buildActionMask = 2147483647;
			files = (
				4454D7A91BCE904600063B71 /* LaunchScreen.storyboard in Resources */,
				4454D7A61BCE904600063B71 /* Assets.xcassets in Resources */,
				4454D7A41BCE904600063B71 /* Main.storyboard in Resources */,
			);
			runOnlyForDeploymentPostprocessing = 0;
		};
/* End PBXResourcesBuildPhase section */

/* Begin PBXSourcesBuildPhase section */
		4454D7971BCE904600063B71 /* Sources */ = {
			isa = PBXSourcesBuildPhase;
			buildActionMask = 2147483647;
			files = (
				4454D7A11BCE904600063B71 /* ViewController.swift in Sources */,
				4454D79F1BCE904600063B71 /* AppDelegate.swift in Sources */,
				4454D7B31BCE911C00063B71 /* CheckAndXView.swift in Sources */,
				4454D7B21BCE911C00063B71 /* CheckAndXHUD.swift in Sources */,
			);
			runOnlyForDeploymentPostprocessing = 0;
		};
/* End PBXSourcesBuildPhase section */

/* Begin PBXVariantGroup section */
		4454D7A21BCE904600063B71 /* Main.storyboard */ = {
			isa = PBXVariantGroup;
			children = (
				4454D7A31BCE904600063B71 /* Base */,
			);
			name = Main.storyboard;
			sourceTree = "<group>";
		};
		4454D7A71BCE904600063B71 /* LaunchScreen.storyboard */ = {
			isa = PBXVariantGroup;
			children = (
				4454D7A81BCE904600063B71 /* Base */,
			);
			name = LaunchScreen.storyboard;
			sourceTree = "<group>";
		};
/* End PBXVariantGroup section */

/* Begin XCBuildConfiguration section */
		4454D7AB1BCE904600063B71 /* Debug */ = {
			isa = XCBuildConfiguration;
			buildSettings = {
				ALWAYS_SEARCH_USER_PATHS = NO;
				CLANG_CXX_LANGUAGE_STANDARD = "gnu++0x";
				CLANG_CXX_LIBRARY = "libc++";
				CLANG_ENABLE_MODULES = YES;
				CLANG_ENABLE_OBJC_ARC = YES;
				CLANG_WARN_BOOL_CONVERSION = YES;
				CLANG_WARN_CONSTANT_CONVERSION = YES;
				CLANG_WARN_DIRECT_OBJC_ISA_USAGE = YES_ERROR;
				CLANG_WARN_EMPTY_BODY = YES;
				CLANG_WARN_ENUM_CONVERSION = YES;
				CLANG_WARN_INT_CONVERSION = YES;
				CLANG_WARN_OBJC_ROOT_CLASS = YES_ERROR;
				CLANG_WARN_UNREACHABLE_CODE = YES;
				CLANG_WARN__DUPLICATE_METHOD_MATCH = YES;
				"CODE_SIGN_IDENTITY[sdk=iphoneos*]" = "iPhone Developer";
				COPY_PHASE_STRIP = NO;
				DEBUG_INFORMATION_FORMAT = dwarf;
				ENABLE_STRICT_OBJC_MSGSEND = YES;
				ENABLE_TESTABILITY = YES;
				GCC_C_LANGUAGE_STANDARD = gnu99;
				GCC_DYNAMIC_NO_PIC = NO;
				GCC_NO_COMMON_BLOCKS = YES;
				GCC_OPTIMIZATION_LEVEL = 0;
				GCC_PREPROCESSOR_DEFINITIONS = (
					"DEBUG=1",
					"$(inherited)",
				);
				GCC_WARN_64_TO_32_BIT_CONVERSION = YES;
				GCC_WARN_ABOUT_RETURN_TYPE = YES_ERROR;
				GCC_WARN_UNDECLARED_SELECTOR = YES;
				GCC_WARN_UNINITIALIZED_AUTOS = YES_AGGRESSIVE;
				GCC_WARN_UNUSED_FUNCTION = YES;
				GCC_WARN_UNUSED_VARIABLE = YES;
				IPHONEOS_DEPLOYMENT_TARGET = 9.0;
				MTL_ENABLE_DEBUG_INFO = YES;
				ONLY_ACTIVE_ARCH = YES;
				SDKROOT = iphoneos;
				SWIFT_OPTIMIZATION_LEVEL = "-Onone";
				TARGETED_DEVICE_FAMILY = "1,2";
			};
			name = Debug;
		};
		4454D7AC1BCE904600063B71 /* Release */ = {
			isa = XCBuildConfiguration;
			buildSettings = {
				ALWAYS_SEARCH_USER_PATHS = NO;
				CLANG_CXX_LANGUAGE_STANDARD = "gnu++0x";
				CLANG_CXX_LIBRARY = "libc++";
				CLANG_ENABLE_MODULES = YES;
				CLANG_ENABLE_OBJC_ARC = YES;
				CLANG_WARN_BOOL_CONVERSION = YES;
				CLANG_WARN_CONSTANT_CONVERSION = YES;
				CLANG_WARN_DIRECT_OBJC_ISA_USAGE = YES_ERROR;
				CLANG_WARN_EMPTY_BODY = YES;
				CLANG_WARN_ENUM_CONVERSION = YES;
				CLANG_WARN_INT_CONVERSION = YES;
				CLANG_WARN_OBJC_ROOT_CLASS = YES_ERROR;
				CLANG_WARN_UNREACHABLE_CODE = YES;
				CLANG_WARN__DUPLICATE_METHOD_MATCH = YES;
				"CODE_SIGN_IDENTITY[sdk=iphoneos*]" = "iPhone Developer";
				COPY_PHASE_STRIP = NO;
				DEBUG_INFORMATION_FORMAT = "dwarf-with-dsym";
				ENABLE_NS_ASSERTIONS = NO;
				ENABLE_STRICT_OBJC_MSGSEND = YES;
				GCC_C_LANGUAGE_STANDARD = gnu99;
				GCC_NO_COMMON_BLOCKS = YES;
				GCC_WARN_64_TO_32_BIT_CONVERSION = YES;
				GCC_WARN_ABOUT_RETURN_TYPE = YES_ERROR;
				GCC_WARN_UNDECLARED_SELECTOR = YES;
				GCC_WARN_UNINITIALIZED_AUTOS = YES_AGGRESSIVE;
				GCC_WARN_UNUSED_FUNCTION = YES;
				GCC_WARN_UNUSED_VARIABLE = YES;
				IPHONEOS_DEPLOYMENT_TARGET = 9.0;
				MTL_ENABLE_DEBUG_INFO = NO;
				SDKROOT = iphoneos;
				TARGETED_DEVICE_FAMILY = "1,2";
				VALIDATE_PRODUCT = YES;
			};
			name = Release;
		};
		4454D7AE1BCE904600063B71 /* Debug */ = {
			isa = XCBuildConfiguration;
			buildSettings = {
				ASSETCATALOG_COMPILER_APPICON_NAME = AppIcon;
				INFOPLIST_FILE = CheckAndXHUD/Info.plist;
				LD_RUNPATH_SEARCH_PATHS = "$(inherited) @executable_path/Frameworks";
				PRODUCT_BUNDLE_IDENTIFIER = com.vinsoft.vivi.CheckAndXHUD;
				PRODUCT_NAME = "$(TARGET_NAME)";
			};
			name = Debug;
		};
		4454D7AF1BCE904600063B71 /* Release */ = {
			isa = XCBuildConfiguration;
			buildSettings = {
				ASSETCATALOG_COMPILER_APPICON_NAME = AppIcon;
				INFOPLIST_FILE = CheckAndXHUD/Info.plist;
				LD_RUNPATH_SEARCH_PATHS = "$(inherited) @executable_path/Frameworks";
				PRODUCT_BUNDLE_IDENTIFIER = com.vinsoft.vivi.CheckAndXHUD;
				PRODUCT_NAME = "$(TARGET_NAME)";
			};
			name = Release;
		};
/* End XCBuildConfiguration section */

/* Begin XCConfigurationList section */
		4454D7961BCE904600063B71 /* Build configuration list for PBXProject "CheckAndXHUD" */ = {
			isa = XCConfigurationList;
			buildConfigurations = (
				4454D7AB1BCE904600063B71 /* Debug */,
				4454D7AC1BCE904600063B71 /* Release */,
			);
			defaultConfigurationIsVisible = 0;
			defaultConfigurationName = Release;
		};
		4454D7AD1BCE904600063B71 /* Build configuration list for PBXNativeTarget "CheckAndXHUD" */ = {
			isa = XCConfigurationList;
			buildConfigurations = (
				4454D7AE1BCE904600063B71 /* Debug */,
				4454D7AF1BCE904600063B71 /* Release */,
			);
			defaultConfigurationIsVisible = 0;
		};
/* End XCConfigurationList section */
	};
	rootObject = 4454D7931BCE904600063B71 /* Project object */;
}
